{
  "version": 4,
  "terraform_version": "1.5.3",
  "serial": 82,
  "lineage": "a1a4e578-73fa-1251-2601-5a31790f16ed",
  "outputs": {
    "IP-1": {
      "value": "167.71.18.128",
      "type": "string"
    },
    "sshkey_fingerprint": {
      "value": "8c:1c:40:71:43:ba:cb:16:9b:cc:1f:6f:58:13:8f:78",
      "type": "string"
    }
  },
  "resources": [
    {
      "mode": "managed",
      "type": "digitalocean_droplet",
      "name": "web",
      "provider": "provider[\"registry.terraform.io/digitalocean/digitalocean\"]",
      "instances": [
        {
          "schema_version": 1,
          "attributes": {
            "backups": false,
            "created_at": "2023-09-03T13:45:02Z",
            "disk": 25,
            "droplet_agent": null,
            "graceful_shutdown": false,
            "id": "373020790",
            "image": "ubuntu-22-04-x64",
            "ipv4_address": "167.71.18.128",
            "ipv4_address_private": "10.116.0.2",
            "ipv6": false,
            "ipv6_address": "",
            "locked": false,
            "memory": 1024,
            "monitoring": false,
            "name": "web",
            "price_hourly": 0.00893,
            "price_monthly": 6,
            "private_networking": true,
            "region": "nyc1",
            "resize_disk": true,
            "size": "s-1vcpu-1gb",
            "ssh_keys": [
              "39286705"
            ],
            "status": "active",
            "tags": null,
            "timeouts": null,
            "urn": "do:droplet:373020790",
            "user_data": "d286427b109ad4d91435bd65e84c6909b0466192",
            "vcpus": 1,
            "volume_ids": [],
            "vpc_uuid": "74782c9c-5c9b-4a62-a170-8424efa91c0f"
          },
          "sensitive_attributes": [],
          "private": "eyJlMmJmYjczMC1lY2FhLTExZTYtOGY4OC0zNDM2M2JjN2M0YzAiOnsiY3JlYXRlIjozNjAwMDAwMDAwMDAwLCJkZWxldGUiOjYwMDAwMDAwMDAwLCJ1cGRhdGUiOjM2MDAwMDAwMDAwMDB9LCJzY2hlbWFfdmVyc2lvbiI6IjEifQ==",
          "dependencies": [
            "digitalocean_ssh_key.default"
          ]
        }
      ]
    },
    {
      "mode": "managed",
      "type": "digitalocean_ssh_key",
      "name": "default",
      "provider": "provider[\"registry.terraform.io/digitalocean/digitalocean\"]",
      "instances": [
        {
          "schema_version": 0,
          "attributes": {
            "fingerprint": "8c:1c:40:71:43:ba:cb:16:9b:cc:1f:6f:58:13:8f:78",
            "id": "39286705",
            "name": "ssh_key_yulain",
            "public_key": "ssh-rsa AAAAB3NzaC1yc2EAAAADAQABAAABgQDBr+Su/iFTGw5IlbmB3uvza4ouM0kzz3HkHwyRfO5hII5a4iHcGpkeTAVolAVAALLbl8PD8KjMoJ5pcfEYzQXKNmUobzAlqP8wfyZb2A9QWTsYc6HD+J3tBvK/xc8qTpGaUAvbXwA4Vej//fVjWUNtWsoGSm1Xi90+XPIFWishqMZuKzztWFEytW158NhyU562DSV/hY0s3mn/lL0LJ3QXa8/jLYlpgAiJwEtXFzYgO83QZopraH+Dv18iZsmd0QcoKo8nVjtTWuQ6rOQOZTa9ap0ZmErCyEzQaOZpzV26AHJrCeaTFlJWbinvMMkt4fuIn3DJatU9f4q9PWjdKj+JUejqoHVFKG9WzSqXERWEgLH2LCaAhOD5WZe7ckMc82TEAchO1UW5fduTA05qXUtxifF+Pn0D0k3puaBaJmPW3p1lywhUlJXSFD6V7ykNxfF3SJ//9oz7iKRskCHiCGSdiJ7bPlgSfzCjLDHkn2elzXdV9Vj+u740Rkc7nq93/7U= yulai@yulai-Lenovo\n"
          },
          "sensitive_attributes": [],
          "private": "bnVsbA=="
        }
      ]
    }
  ],
  "check_results": null
}
